// !$*UTF8*$!
{
	archiveVersion = 1;
	classes = {
	};
	objectVersion = 46;
	objects = {

/* Begin PBXBuildFile section */
		D686C3CE1B798A5C00AA0305 /* AppDelegate.swift in Sources */ = {isa = PBXBuildFile; fileRef = D686C3CD1B798A5C00AA0305 /* AppDelegate.swift */; };
		D686C3D01B798A5C00AA0305 /* ViewController.swift in Sources */ = {isa = PBXBuildFile; fileRef = D686C3CF1B798A5C00AA0305 /* ViewController.swift */; };
		D686C3D31B798A5C00AA0305 /* Main.storyboard in Resources */ = {isa = PBXBuildFile; fileRef = D686C3D11B798A5C00AA0305 /* Main.storyboard */; };
		D686C3D51B798A5C00AA0305 /* Images.xcassets in Resources */ = {isa = PBXBuildFile; fileRef = D686C3D41B798A5C00AA0305 /* Images.xcassets */; };
		D686C3D81B798A5C00AA0305 /* LaunchScreen.xib in Resources */ = {isa = PBXBuildFile; fileRef = D686C3D61B798A5C00AA0305 /* LaunchScreen.xib */; };
		D686C3E41B798A5C00AA0305 /* padashiDemoTests.swift in Sources */ = {isa = PBXBuildFile; fileRef = D686C3E31B798A5C00AA0305 /* padashiDemoTests.swift */; };
		D686C41C1B7995A600AA0305 /* PDSCamera.framework in Frameworks */ = {isa = PBXBuildFile; fileRef = D686C41B1B7995A600AA0305 /* PDSCamera.framework */; };
		D686C41D1B7995A600AA0305 /* PDSCamera.framework in Embed Frameworks */ = {isa = PBXBuildFile; fileRef = D686C41B1B7995A600AA0305 /* PDSCamera.framework */; settings = {ATTRIBUTES = (CodeSignOnCopy, RemoveHeadersOnCopy, ); }; };
		D686C5B31B7AE29700AA0305 /* PDSRecorder.framework in Frameworks */ = {isa = PBXBuildFile; fileRef = D686C5B21B7AE29700AA0305 /* PDSRecorder.framework */; };
		D686C5B41B7AE29700AA0305 /* PDSRecorder.framework in Embed Frameworks */ = {isa = PBXBuildFile; fileRef = D686C5B21B7AE29700AA0305 /* PDSRecorder.framework */; settings = {ATTRIBUTES = (CodeSignOnCopy, RemoveHeadersOnCopy, ); }; };
		E13D2342F62B80AAE57D4445 /* Pods_padashiDemo.framework in Frameworks */ = {isa = PBXBuildFile; fileRef = 5153CC1A99E3B929B7D6BBD6 /* Pods_padashiDemo.framework */; settings = {ATTRIBUTES = (Weak, ); }; };
/* End PBXBuildFile section */

/* Begin PBXContainerItemProxy section */
		D686C3DE1B798A5C00AA0305 /* PBXContainerItemProxy */ = {
			isa = PBXContainerItemProxy;
			containerPortal = D686C3C01B798A5C00AA0305 /* Project object */;
			proxyType = 1;
			remoteGlobalIDString = D686C3C71B798A5C00AA0305;
			remoteInfo = padashiDemo;
		};
/* End PBXContainerItemProxy section */

/* Begin PBXCopyFilesBuildPhase section */
		D686C41E1B7995A700AA0305 /* Embed Frameworks */ = {
			isa = PBXCopyFilesBuildPhase;
			buildActionMask = 2147483647;
			dstPath = "";
			dstSubfolderSpec = 10;
			files = (
				D686C5B41B7AE29700AA0305 /* PDSRecorder.framework in Embed Frameworks */,
				D686C41D1B7995A600AA0305 /* PDSCamera.framework in Embed Frameworks */,
			);
			name = "Embed Frameworks";
			runOnlyForDeploymentPostprocessing = 0;
		};
/* End PBXCopyFilesBuildPhase section */

/* Begin PBXFileReference section */
		5153CC1A99E3B929B7D6BBD6 /* Pods_padashiDemo.framework */ = {isa = PBXFileReference; explicitFileType = wrapper.framework; includeInIndex = 0; path = Pods_padashiDemo.framework; sourceTree = BUILT_PRODUCTS_DIR; };
		9DF075FCE5000D89911C49C8 /* Pods-padashiDemo.release.xcconfig */ = {isa = PBXFileReference; includeInIndex = 1; lastKnownFileType = text.xcconfig; name = "Pods-padashiDemo.release.xcconfig"; path = "Pods/Target Support Files/Pods-padashiDemo/Pods-padashiDemo.release.xcconfig"; sourceTree = "<group>"; };
		D686C3C81B798A5C00AA0305 /* padashiDemo.app */ = {isa = PBXFileReference; explicitFileType = wrapper.application; includeInIndex = 0; path = padashiDemo.app; sourceTree = BUILT_PRODUCTS_DIR; };
		D686C3CC1B798A5C00AA0305 /* Info.plist */ = {isa = PBXFileReference; lastKnownFileType = text.plist.xml; path = Info.plist; sourceTree = "<group>"; };
		D686C3CD1B798A5C00AA0305 /* AppDelegate.swift */ = {isa = PBXFileReference; lastKnownFileType = sourcecode.swift; path = AppDelegate.swift; sourceTree = "<group>"; };
		D686C3CF1B798A5C00AA0305 /* ViewController.swift */ = {isa = PBXFileReference; lastKnownFileType = sourcecode.swift; path = ViewController.swift; sourceTree = "<group>"; };
		D686C3D21B798A5C00AA0305 /* Base */ = {isa = PBXFileReference; lastKnownFileType = file.storyboard; name = Base; path = Base.lproj/Main.storyboard; sourceTree = "<group>"; };
		D686C3D41B798A5C00AA0305 /* Images.xcassets */ = {isa = PBXFileReference; lastKnownFileType = folder.assetcatalog; path = Images.xcassets; sourceTree = "<group>"; };
		D686C3D71B798A5C00AA0305 /* Base */ = {isa = PBXFileReference; lastKnownFileType = file.xib; name = Base; path = Base.lproj/LaunchScreen.xib; sourceTree = "<group>"; };
		D686C3DD1B798A5C00AA0305 /* padashiDemoTests.xctest */ = {isa = PBXFileReference; explicitFileType = wrapper.cfbundle; includeInIndex = 0; path = padashiDemoTests.xctest; sourceTree = BUILT_PRODUCTS_DIR; };
		D686C3E21B798A5C00AA0305 /* Info.plist */ = {isa = PBXFileReference; lastKnownFileType = text.plist.xml; path = Info.plist; sourceTree = "<group>"; };
		D686C3E31B798A5C00AA0305 /* padashiDemoTests.swift */ = {isa = PBXFileReference; lastKnownFileType = sourcecode.swift; path = padashiDemoTests.swift; sourceTree = "<group>"; };
		D686C4191B79954200AA0305 /* PDSCamera.framework */ = {isa = PBXFileReference; lastKnownFileType = wrapper.framework; name = PDSCamera.framework; path = "PDSCamera/build/Debug-iphoneos/PDSCamera.framework"; sourceTree = "<group>"; };
		D686C41B1B7995A600AA0305 /* PDSCamera.framework */ = {isa = PBXFileReference; explicitFileType = wrapper.framework; name = PDSCamera.framework; path = "/Users/lightning/Library/Developer/Xcode/DerivedData/padashiDemo-efefgokrfibuarhddhabfclmcamf/Build/Products/Debug-iphoneos/PDSCamera.framework"; sourceTree = "<absolute>"; };
		D686C5B21B7AE29700AA0305 /* PDSRecorder.framework */ = {isa = PBXFileReference; explicitFileType = wrapper.framework; name = PDSRecorder.framework; path = "/Users/lightning/Library/Developer/Xcode/DerivedData/padashiDemo-efefgokrfibuarhddhabfclmcamf/Build/Products/Debug-iphoneos/PDSRecorder.framework"; sourceTree = "<absolute>"; };
		F3A4DC25A113802E45153CB0 /* Pods-padashiDemo.debug.xcconfig */ = {isa = PBXFileReference; includeInIndex = 1; lastKnownFileType = text.xcconfig; name = "Pods-padashiDemo.debug.xcconfig"; path = "Pods/Target Support Files/Pods-padashiDemo/Pods-padashiDemo.debug.xcconfig"; sourceTree = "<group>"; };
/* End PBXFileReference section */

/* Begin PBXFrameworksBuildPhase section */
		D686C3C51B798A5C00AA0305 /* Frameworks */ = {
			isa = PBXFrameworksBuildPhase;
			buildActionMask = 2147483647;
			files = (
				E13D2342F62B80AAE57D4445 /* Pods_padashiDemo.framework in Frameworks */,
				D686C41C1B7995A600AA0305 /* PDSCamera.framework in Frameworks */,
				D686C5B31B7AE29700AA0305 /* PDSRecorder.framework in Frameworks */,
			);
			runOnlyForDeploymentPostprocessing = 0;
		};
		D686C3DA1B798A5C00AA0305 /* Frameworks */ = {
			isa = PBXFrameworksBuildPhase;
			buildActionMask = 2147483647;
			files = (
			);
			runOnlyForDeploymentPostprocessing = 0;
		};
/* End PBXFrameworksBuildPhase section */

/* Begin PBXGroup section */
		CABFBEF8BB8D29A7898E4DB6 /* Frameworks */ = {
			isa = PBXGroup;
			children = (
				D686C4191B79954200AA0305 /* PDSCamera.framework */,
				5153CC1A99E3B929B7D6BBD6 /* Pods_padashiDemo.framework */,
			);
			name = Frameworks;
			sourceTree = "<group>";
		};
		D686C3BF1B798A5C00AA0305 = {
			isa = PBXGroup;
			children = (
				D686C5B21B7AE29700AA0305 /* PDSRecorder.framework */,
				D686C41B1B7995A600AA0305 /* PDSCamera.framework */,
				D686C3CA1B798A5C00AA0305 /* padashiDemo */,
				D686C3E01B798A5C00AA0305 /* padashiDemoTests */,
				D686C3C91B798A5C00AA0305 /* Products */,
				E9BE442DEB9F81F87D5E555B /* Pods */,
				CABFBEF8BB8D29A7898E4DB6 /* Frameworks */,
			);
			sourceTree = "<group>";
		};
		D686C3C91B798A5C00AA0305 /* Products */ = {
			isa = PBXGroup;
			children = (
				D686C3C81B798A5C00AA0305 /* padashiDemo.app */,
				D686C3DD1B798A5C00AA0305 /* padashiDemoTests.xctest */,
			);
			name = Products;
			sourceTree = "<group>";
		};
		D686C3CA1B798A5C00AA0305 /* padashiDemo */ = {
			isa = PBXGroup;
			children = (
				D686C3CD1B798A5C00AA0305 /* AppDelegate.swift */,
				D686C3CF1B798A5C00AA0305 /* ViewController.swift */,
				D686C3D11B798A5C00AA0305 /* Main.storyboard */,
				D686C3D41B798A5C00AA0305 /* Images.xcassets */,
				D686C3D61B798A5C00AA0305 /* LaunchScreen.xib */,
				D686C3CB1B798A5C00AA0305 /* Supporting Files */,
			);
			path = padashiDemo;
			sourceTree = "<group>";
		};
		D686C3CB1B798A5C00AA0305 /* Supporting Files */ = {
			isa = PBXGroup;
			children = (
				D686C3CC1B798A5C00AA0305 /* Info.plist */,
			);
			name = "Supporting Files";
			sourceTree = "<group>";
		};
		D686C3E01B798A5C00AA0305 /* padashiDemoTests */ = {
			isa = PBXGroup;
			children = (
				D686C3E31B798A5C00AA0305 /* padashiDemoTests.swift */,
				D686C3E11B798A5C00AA0305 /* Supporting Files */,
			);
			path = padashiDemoTests;
			sourceTree = "<group>";
		};
		D686C3E11B798A5C00AA0305 /* Supporting Files */ = {
			isa = PBXGroup;
			children = (
				D686C3E21B798A5C00AA0305 /* Info.plist */,
			);
			name = "Supporting Files";
			sourceTree = "<group>";
		};
		E9BE442DEB9F81F87D5E555B /* Pods */ = {
			isa = PBXGroup;
			children = (
				F3A4DC25A113802E45153CB0 /* Pods-padashiDemo.debug.xcconfig */,
				9DF075FCE5000D89911C49C8 /* Pods-padashiDemo.release.xcconfig */,
			);
			name = Pods;
			sourceTree = "<group>";
		};
/* End PBXGroup section */

/* Begin PBXNativeTarget section */
		D686C3C71B798A5C00AA0305 /* padashiDemo */ = {
			isa = PBXNativeTarget;
			buildConfigurationList = D686C3E71B798A5C00AA0305 /* Build configuration list for PBXNativeTarget "padashiDemo" */;
			buildPhases = (
				FB22D1DCA7211BAFC03694E8 /* Check Pods Manifest.lock */,
				D686C3C41B798A5C00AA0305 /* Sources */,
				D686C3C51B798A5C00AA0305 /* Frameworks */,
				D686C3C61B798A5C00AA0305 /* Resources */,
				C911AB4723AAC54A8AF39FE0 /* Embed Pods Frameworks */,
				A95E6F2E7D87BD8E8A9CAFDE /* Copy Pods Resources */,
				D686C41E1B7995A700AA0305 /* Embed Frameworks */,
			);
			buildRules = (
			);
			dependencies = (
			);
			name = padashiDemo;
			productName = padashiDemo;
			productReference = D686C3C81B798A5C00AA0305 /* padashiDemo.app */;
			productType = "com.apple.product-type.application";
		};
		D686C3DC1B798A5C00AA0305 /* padashiDemoTests */ = {
			isa = PBXNativeTarget;
			buildConfigurationList = D686C3EA1B798A5C00AA0305 /* Build configuration list for PBXNativeTarget "padashiDemoTests" */;
			buildPhases = (
				D686C3D91B798A5C00AA0305 /* Sources */,
				D686C3DA1B798A5C00AA0305 /* Frameworks */,
				D686C3DB1B798A5C00AA0305 /* Resources */,
			);
			buildRules = (
			);
			dependencies = (
				D686C3DF1B798A5C00AA0305 /* PBXTargetDependency */,
			);
			name = padashiDemoTests;
			productName = padashiDemoTests;
			productReference = D686C3DD1B798A5C00AA0305 /* padashiDemoTests.xctest */;
			productType = "com.apple.product-type.bundle.unit-test";
		};
/* End PBXNativeTarget section */

/* Begin PBXProject section */
		D686C3C01B798A5C00AA0305 /* Project object */ = {
			isa = PBXProject;
			attributes = {
				LastUpgradeCheck = 0640;
				ORGANIZATIONNAME = Lightning;
				TargetAttributes = {
					D686C3C71B798A5C00AA0305 = {
						CreatedOnToolsVersion = 6.4;
					};
					D686C3DC1B798A5C00AA0305 = {
						CreatedOnToolsVersion = 6.4;
						TestTargetID = D686C3C71B798A5C00AA0305;
					};
				};
			};
			buildConfigurationList = D686C3C31B798A5C00AA0305 /* Build configuration list for PBXProject "padashiDemo" */;
			compatibilityVersion = "Xcode 3.2";
			developmentRegion = English;
			hasScannedForEncodings = 0;
			knownRegions = (
				en,
				Base,
			);
			mainGroup = D686C3BF1B798A5C00AA0305;
			productRefGroup = D686C3C91B798A5C00AA0305 /* Products */;
			projectDirPath = "";
			projectRoot = "";
			targets = (
				D686C3C71B798A5C00AA0305 /* padashiDemo */,
				D686C3DC1B798A5C00AA0305 /* padashiDemoTests */,
			);
		};
/* End PBXProject section */

/* Begin PBXResourcesBuildPhase section */
		D686C3C61B798A5C00AA0305 /* Resources */ = {
			isa = PBXResourcesBuildPhase;
			buildActionMask = 2147483647;
			files = (
				D686C3D31B798A5C00AA0305 /* Main.storyboard in Resources */,
				D686C3D81B798A5C00AA0305 /* LaunchScreen.xib in Resources */,
				D686C3D51B798A5C00AA0305 /* Images.xcassets in Resources */,
			);
			runOnlyForDeploymentPostprocessing = 0;
		};
		D686C3DB1B798A5C00AA0305 /* Resources */ = {
			isa = PBXResourcesBuildPhase;
			buildActionMask = 2147483647;
			files = (
			);
			runOnlyForDeploymentPostprocessing = 0;
		};
/* End PBXResourcesBuildPhase section */

/* Begin PBXShellScriptBuildPhase section */
		A95E6F2E7D87BD8E8A9CAFDE /* Copy Pods Resources */ = {
			isa = PBXShellScriptBuildPhase;
			buildActionMask = 2147483647;
			files = (
			);
			inputPaths = (
			);
			name = "Copy Pods Resources";
			outputPaths = (
			);
			runOnlyForDeploymentPostprocessing = 0;
			shellPath = /bin/sh;
			shellScript = "\"${SRCROOT}/Pods/Target Support Files/Pods-padashiDemo/Pods-padashiDemo-resources.sh\"\n";
			showEnvVarsInLog = 0;
		};
		C911AB4723AAC54A8AF39FE0 /* Embed Pods Frameworks */ = {
			isa = PBXShellScriptBuildPhase;
			buildActionMask = 2147483647;
			files = (
			);
			inputPaths = (
			);
			name = "Embed Pods Frameworks";
			outputPaths = (
			);
			runOnlyForDeploymentPostprocessing = 0;
			shellPath = /bin/sh;
			shellScript = "\"${SRCROOT}/Pods/Target Support Files/Pods-padashiDemo/Pods-padashiDemo-frameworks.sh\"\n";
			showEnvVarsInLog = 0;
		};
		FB22D1DCA7211BAFC03694E8 /* Check Pods Manifest.lock */ = {
			isa = PBXShellScriptBuildPhase;
			buildActionMask = 2147483647;
			files = (
			);
			inputPaths = (
			);
			name = "Check Pods Manifest.lock";
			outputPaths = (
			);
			runOnlyForDeploymentPostprocessing = 0;
			shellPath = /bin/sh;
			shellScript = "diff \"${PODS_ROOT}/../Podfile.lock\" \"${PODS_ROOT}/Manifest.lock\" > /dev/null\nif [[ $? != 0 ]] ; then\n    cat << EOM\nerror: The sandbox is not in sync with the Podfile.lock. Run 'pod install' or update your CocoaPods installation.\nEOM\n    exit 1\nfi\n";
			showEnvVarsInLog = 0;
		};
/* End PBXShellScriptBuildPhase section */

/* Begin PBXSourcesBuildPhase section */
		D686C3C41B798A5C00AA0305 /* Sources */ = {
			isa = PBXSourcesBuildPhase;
			buildActionMask = 2147483647;
			files = (
				D686C3D01B798A5C00AA0305 /* ViewController.swift in Sources */,
				D686C3CE1B798A5C00AA0305 /* AppDelegate.swift in Sources */,
			);
			runOnlyForDeploymentPostprocessing = 0;
		};
		D686C3D91B798A5C00AA0305 /* Sources */ = {
			isa = PBXSourcesBuildPhase;
			buildActionMask = 2147483647;
			files = (
				D686C3E41B798A5C00AA0305 /* padashiDemoTests.swift in Sources */,
			);
			runOnlyForDeploymentPostprocessing = 0;
		};
/* End PBXSourcesBuildPhase section */

/* Begin PBXTargetDependency section */
		D686C3DF1B798A5C00AA0305 /* PBXTargetDependency */ = {
			isa = PBXTargetDependency;
			target = D686C3C71B798A5C00AA0305 /* padashiDemo */;
			targetProxy = D686C3DE1B798A5C00AA0305 /* PBXContainerItemProxy */;
		};
/* End PBXTargetDependency section */

/* Begin PBXVariantGroup section */
		D686C3D11B798A5C00AA0305 /* Main.storyboard */ = {
			isa = PBXVariantGroup;
			children = (
				D686C3D21B798A5C00AA0305 /* Base */,
			);
			name = Main.storyboard;
			sourceTree = "<group>";
		};
		D686C3D61B798A5C00AA0305 /* LaunchScreen.xib */ = {
			isa = PBXVariantGroup;
			children = (
				D686C3D71B798A5C00AA0305 /* Base */,
			);
			name = LaunchScreen.xib;
			sourceTree = "<group>";
		};
/* End PBXVariantGroup section */

/* Begin XCBuildConfiguration section */
		D686C3E51B798A5C00AA0305 /* Debug */ = {
			isa = XCBuildConfiguration;
			buildSettings = {
				ALWAYS_SEARCH_USER_PATHS = NO;
				CLANG_CXX_LANGUAGE_STANDARD = "gnu++0x";
				CLANG_CXX_LIBRARY = "libc++";
				CLANG_ENABLE_MODULES = YES;
				CLANG_ENABLE_OBJC_ARC = YES;
				CLANG_WARN_BOOL_CONVERSION = YES;
				CLANG_WARN_CONSTANT_CONVERSION = YES;
				CLANG_WARN_DIRECT_OBJC_ISA_USAGE = YES_ERROR;
				CLANG_WARN_EMPTY_BODY = YES;
				CLANG_WARN_ENUM_CONVERSION = YES;
				CLANG_WARN_INT_CONVERSION = YES;
				CLANG_WARN_OBJC_ROOT_CLASS = YES_ERROR;
				CLANG_WARN_UNREACHABLE_CODE = YES;
				CLANG_WARN__DUPLICATE_METHOD_MATCH = YES;
				"CODE_SIGN_IDENTITY[sdk=iphoneos*]" = "iPhone Developer";
				COPY_PHASE_STRIP = NO;
				DEBUG_INFORMATION_FORMAT = "dwarf-with-dsym";
				ENABLE_STRICT_OBJC_MSGSEND = YES;
				GCC_C_LANGUAGE_STANDARD = gnu99;
				GCC_DYNAMIC_NO_PIC = NO;
				GCC_NO_COMMON_BLOCKS = YES;
				GCC_OPTIMIZATION_LEVEL = 0;
				GCC_PREPROCESSOR_DEFINITIONS = (
					"DEBUG=1",
					"$(inherited)",
				);
				GCC_SYMBOLS_PRIVATE_EXTERN = NO;
				GCC_WARN_64_TO_32_BIT_CONVERSION = YES;
				GCC_WARN_ABOUT_RETURN_TYPE = YES_ERROR;
				GCC_WARN_UNDECLARED_SELECTOR = YES;
				GCC_WARN_UNINITIALIZED_AUTOS = YES_AGGRESSIVE;
				GCC_WARN_UNUSED_FUNCTION = YES;
				GCC_WARN_UNUSED_VARIABLE = YES;
				IPHONEOS_DEPLOYMENT_TARGET = 8.4;
				MTL_ENABLE_DEBUG_INFO = YES;
				ONLY_ACTIVE_ARCH = YES;
				SDKROOT = iphoneos;
				SWIFT_OPTIMIZATION_LEVEL = "-Onone";
				TARGETED_DEVICE_FAMILY = "1,2";
			};
			name = Debug;
		};
		D686C3E61B798A5C00AA0305 /* Release */ = {
			isa = XCBuildConfiguration;
			buildSettings = {
				ALWAYS_SEARCH_USER_PATHS = NO;
				CLANG_CXX_LANGUAGE_STANDARD = "gnu++0x";
				CLANG_CXX_LIBRARY = "libc++";
				CLANG_ENABLE_MODULES = YES;
				CLANG_ENABLE_OBJC_ARC = YES;
				CLANG_WARN_BOOL_CONVERSION = YES;
				CLANG_WARN_CONSTANT_CONVERSION = YES;
				CLANG_WARN_DIRECT_OBJC_ISA_USAGE = YES_ERROR;
				CLANG_WARN_EMPTY_BODY = YES;
				CLANG_WARN_ENUM_CONVERSION = YES;
				CLANG_WARN_INT_CONVERSION = YES;
				CLANG_WARN_OBJC_ROOT_CLASS = YES_ERROR;
				CLANG_WARN_UNREACHABLE_CODE = YES;
				CLANG_WARN__DUPLICATE_METHOD_MATCH = YES;
				"CODE_SIGN_IDENTITY[sdk=iphoneos*]" = "iPhone Developer";
				COPY_PHASE_STRIP = NO;
				DEBUG_INFORMATION_FORMAT = "dwarf-with-dsym";
				ENABLE_NS_ASSERTIONS = NO;
				ENABLE_STRICT_OBJC_MSGSEND = YES;
				GCC_C_LANGUAGE_STANDARD = gnu99;
				GCC_NO_COMMON_BLOCKS = YES;
				GCC_WARN_64_TO_32_BIT_CONVERSION = YES;
				GCC_WARN_ABOUT_RETURN_TYPE = YES_ERROR;
				GCC_WARN_UNDECLARED_SELECTOR = YES;
				GCC_WARN_UNINITIALIZED_AUTOS = YES_AGGRESSIVE;
				GCC_WARN_UNUSED_FUNCTION = YES;
				GCC_WARN_UNUSED_VARIABLE = YES;
				IPHONEOS_DEPLOYMENT_TARGET = 8.4;
				MTL_ENABLE_DEBUG_INFO = NO;
				SDKROOT = iphoneos;
				TARGETED_DEVICE_FAMILY = "1,2";
				VALIDATE_PRODUCT = YES;
			};
			name = Release;
		};
		D686C3E81B798A5C00AA0305 /* Debug */ = {
			isa = XCBuildConfiguration;
			baseConfigurationReference = F3A4DC25A113802E45153CB0 /* Pods-padashiDemo.debug.xcconfig */;
			buildSettings = {
				ASSETCATALOG_COMPILER_APPICON_NAME = AppIcon;
				CODE_SIGN_IDENTITY = "";
				"CODE_SIGN_IDENTITY[sdk=iphoneos*]" = "iPhone Developer";
				FRAMEWORK_SEARCH_PATHS = (
					"$(inherited)",
					"$(PROJECT_DIR)/PDSCamera/build/Debug-iphoneos",
					"$(USER_LIBRARY_DIR)/Developer/Xcode/DerivedData/padashiDemo-efefgokrfibuarhddhabfclmcamf/Build/Products/Debug-iphoneos",
				);
				INFOPLIST_FILE = padashiDemo/Info.plist;
				IPHONEOS_DEPLOYMENT_TARGET = 8.0;
				LD_RUNPATH_SEARCH_PATHS = "$(inherited) @executable_path/Frameworks";
				PRODUCT_NAME = "$(TARGET_NAME)";
			};
			name = Debug;
		};
		D686C3E91B798A5C00AA0305 /* Release */ = {
			isa = XCBuildConfiguration;
			baseConfigurationReference = 9DF075FCE5000D89911C49C8 /* Pods-padashiDemo.release.xcconfig */;
			buildSettings = {
				ASSETCATALOG_COMPILER_APPICON_NAME = AppIcon;
				"CODE_SIGN_IDENTITY[sdk=iphoneos*]" = "iPhone Developer";
				FRAMEWORK_SEARCH_PATHS = (
					"$(inherited)",
					"$(PROJECT_DIR)/PDSCamera/build/Debug-iphoneos",
					"$(USER_LIBRARY_DIR)/Developer/Xcode/DerivedData/padashiDemo-efefgokrfibuarhddhabfclmcamf/Build/Products/Debug-iphoneos",
				);
				INFOPLIST_FILE = padashiDemo/Info.plist;
				IPHONEOS_DEPLOYMENT_TARGET = 8.0;
				LD_RUNPATH_SEARCH_PATHS = "$(inherited) @executable_path/Frameworks";
				PRODUCT_NAME = "$(TARGET_NAME)";
			};
			name = Release;
		};
		D686C3EB1B798A5C00AA0305 /* Debug */ = {
			isa = XCBuildConfiguration;
			buildSettings = {
				BUNDLE_LOADER = "$(TEST_HOST)";
				FRAMEWORK_SEARCH_PATHS = (
					"$(SDKROOT)/Developer/Library/Frameworks",
					"$(inherited)",
				);
				GCC_PREPROCESSOR_DEFINITIONS = (
					"DEBUG=1",
					"$(inherited)",
				);
				INFOPLIST_FILE = padashiDemoTests/Info.plist;
				LD_RUNPATH_SEARCH_PATHS = "$(inherited) @executable_path/Frameworks @loader_path/Frameworks";
				PRODUCT_NAME = "$(TARGET_NAME)";
				TEST_HOST = "$(BUILT_PRODUCTS_DIR)/padashiDemo.app/padashiDemo";
			};
			name = Debug;
		};
		D686C3EC1B798A5C00AA0305 /* Release */ = {
			isa = XCBuildConfiguration;
			buildSettings = {
				BUNDLE_LOADER = "$(TEST_HOST)";
				FRAMEWORK_SEARCH_PATHS = (
					"$(SDKROOT)/Developer/Library/Frameworks",
					"$(inherited)",
				);
				INFOPLIST_FILE = padashiDemoTests/Info.plist;
				LD_RUNPATH_SEARCH_PATHS = "$(inherited) @executable_path/Frameworks @loader_path/Frameworks";
				PRODUCT_NAME = "$(TARGET_NAME)";
				TEST_HOST = "$(BUILT_PRODUCTS_DIR)/padashiDemo.app/padashiDemo";
			};
			name = Release;
		};
/* End XCBuildConfiguration section */

/* Begin XCConfigurationList section */
		D686C3C31B798A5C00AA0305 /* Build configuration list for PBXProject "padashiDemo" */ = {
			isa = XCConfigurationList;
			buildConfigurations = (
				D686C3E51B798A5C00AA0305 /* Debug */,
				D686C3E61B798A5C00AA0305 /* Release */,
			);
			defaultConfigurationIsVisible = 0;
			defaultConfigurationName = Release;
		};
		D686C3E71B798A5C00AA0305 /* Build configuration list for PBXNativeTarget "padashiDemo" */ = {
			isa = XCConfigurationList;
			buildConfigurations = (
				D686C3E81B798A5C00AA0305 /* Debug */,
				D686C3E91B798A5C00AA0305 /* Release */,
			);
			defaultConfigurationIsVisible = 0;
			defaultConfigurationName = Release;
		};
		D686C3EA1B798A5C00AA0305 /* Build configuration list for PBXNativeTarget "padashiDemoTests" */ = {
			isa = XCConfigurationList;
			buildConfigurations = (
				D686C3EB1B798A5C00AA0305 /* Debug */,
				D686C3EC1B798A5C00AA0305 /* Release */,
			);
			defaultConfigurationIsVisible = 0;
			defaultConfigurationName = Release;
		};
/* End XCConfigurationList section */
	};
	rootObject = D686C3C01B798A5C00AA0305 /* Project object */;
}
